PODS:
  - AlignedCollectionViewFlowLayout (1.1.2)

DEPENDENCIES:
  - AlignedCollectionViewFlowLayout

SPEC REPOS:
  trunk:
    - AlignedCollectionViewFlowLayout

SPEC CHECKSUMS:
  AlignedCollectionViewFlowLayout: ee2ef451e741ec08f8e0967d828001e2f051c20a

PODFILE CHECKSUM: 0073c72baf08fc1da5eb97f4641f38c26069fd27

COCOAPODS: 1.8.1
